
Microsoft Visual Studio Solution File, Format Version 12.00
# Visual Studio Version 17
VisualStudioVersion = 17.14.36127.28 d17.14
MinimumVisualStudioVersion = 10.0.40219.1
Project("{FAE04EC0-301F-11D3-BF4B-00C04F79EFBC}") = "Proyecto 1 PAvanzada", "Proyecto 1 PAvanzada.csproj", "{69FFA958-5C66-44F4-B780-2869FA23D73A}"
EndProject
Global
	GlobalSection(SolutionConfigurationPlatforms) = preSolution
		Debug|Any CPU = Debug|Any CPU
		Release|Any CPU = Release|Any CPU
	EndGlobalSection
	GlobalSection(ProjectConfigurationPlatforms) = postSolution
		{69FFA958-5C66-44F4-B780-2869FA23D73A}.Debug|Any CPU.ActiveCfg = Debug|Any CPU
		{69FFA958-5C66-44F4-B780-2869FA23D73A}.Debug|Any CPU.Build.0 = Debug|Any CPU
		{69FFA958-5C66-44F4-B780-2869FA23D73A}.Release|Any CPU.ActiveCfg = Release|Any CPU
		{69FFA958-5C66-44F4-B780-2869FA23D73A}.Release|Any CPU.Build.0 = Release|Any CPU
	EndGlobalSection
	GlobalSection(SolutionProperties) = preSolution
		HideSolutionNode = FALSE
	EndGlobalSection
	GlobalSection(ExtensibilityGlobals) = postSolution
		SolutionGuid = {02DD4750-E5C5-435F-B7D1-ED4DEB61C233}
	EndGlobalSection
EndGlobal
